
Microsoft Visual Studio Solution File, Format Version 12.00
# Visual Studio Version 17
VisualStudioVersion = 17.11.35312.102
MinimumVisualStudioVersion = 10.0.40219.1
Project("{FAE04EC0-301F-11D3-BF4B-00C04F79EFBC}") = "LiveSplit.IGT", "LiveSplit.IGT\LiveSplit.IGT.csproj", "{B3758D3F-D949-483E-A727-40EF3084CD87}"
EndProject
Project("{9A19103F-16F7-4668-BE54-9A1E7A4F7556}") = "LiveSplit.Core", "..\LiveSplit\src\LiveSplit.Core\LiveSplit.Core.csproj", "{4F1F7A77-A790-4272-91F5-2753E24546C6}"
EndProject
Project("{9A19103F-16F7-4668-BE54-9A1E7A4F7556}") = "UpdateManager", "..\LiveSplit\src\UpdateManager\UpdateManager.csproj", "{B4F53417-087D-44DB-A571-AFB670B46CF7}"
EndProject
Global
	GlobalSection(SolutionConfigurationPlatforms) = preSolution
		Debug|Any CPU = Debug|Any CPU
		Release|Any CPU = Release|Any CPU
		UpdateManagerExe|Any CPU = UpdateManagerExe|Any CPU
	EndGlobalSection
	GlobalSection(ProjectConfigurationPlatforms) = postSolution
		{B3758D3F-D949-483E-A727-40EF3084CD87}.Debug|Any CPU.ActiveCfg = Debug|Any CPU
		{B3758D3F-D949-483E-A727-40EF3084CD87}.Debug|Any CPU.Build.0 = Debug|Any CPU
		{B3758D3F-D949-483E-A727-40EF3084CD87}.Release|Any CPU.ActiveCfg = Release|Any CPU
		{B3758D3F-D949-483E-A727-40EF3084CD87}.Release|Any CPU.Build.0 = Release|Any CPU
		{B3758D3F-D949-483E-A727-40EF3084CD87}.UpdateManagerExe|Any CPU.ActiveCfg = Release|Any CPU
		{B3758D3F-D949-483E-A727-40EF3084CD87}.UpdateManagerExe|Any CPU.Build.0 = Release|Any CPU
		{4F1F7A77-A790-4272-91F5-2753E24546C6}.Debug|Any CPU.ActiveCfg = Debug|Any CPU
		{4F1F7A77-A790-4272-91F5-2753E24546C6}.Debug|Any CPU.Build.0 = Debug|Any CPU
		{4F1F7A77-A790-4272-91F5-2753E24546C6}.Release|Any CPU.ActiveCfg = Release|Any CPU
		{4F1F7A77-A790-4272-91F5-2753E24546C6}.Release|Any CPU.Build.0 = Release|Any CPU
		{4F1F7A77-A790-4272-91F5-2753E24546C6}.UpdateManagerExe|Any CPU.ActiveCfg = Debug|Any CPU
		{4F1F7A77-A790-4272-91F5-2753E24546C6}.UpdateManagerExe|Any CPU.Build.0 = Debug|Any CPU
		{B4F53417-087D-44DB-A571-AFB670B46CF7}.Debug|Any CPU.ActiveCfg = Debug|Any CPU
		{B4F53417-087D-44DB-A571-AFB670B46CF7}.Debug|Any CPU.Build.0 = Debug|Any CPU
		{B4F53417-087D-44DB-A571-AFB670B46CF7}.Release|Any CPU.ActiveCfg = Release|Any CPU
		{B4F53417-087D-44DB-A571-AFB670B46CF7}.Release|Any CPU.Build.0 = Release|Any CPU
		{B4F53417-087D-44DB-A571-AFB670B46CF7}.UpdateManagerExe|Any CPU.ActiveCfg = UpdateManagerExe|Any CPU
		{B4F53417-087D-44DB-A571-AFB670B46CF7}.UpdateManagerExe|Any CPU.Build.0 = UpdateManagerExe|Any CPU
	EndGlobalSection
	GlobalSection(SolutionProperties) = preSolution
		HideSolutionNode = FALSE
	EndGlobalSection
	GlobalSection(ExtensibilityGlobals) = postSolution
		SolutionGuid = {BD724F5A-0092-4A9F-9703-7AB5900B8517}
	EndGlobalSection
EndGlobal
